
Microsoft Visual Studio Solution File, Format Version 12.00
# Visual Studio 15
VisualStudioVersion = 15.0.28307.705
MinimumVisualStudioVersion = 10.0.40219.1
Project("{FAE04EC0-301F-11D3-BF4B-00C04F79EFBC}") = "AspNewsApi", "AspNewsApi\AspNewsApi.csproj", "{53C2578B-BDE1-41E0-A1DD-97F2EF07AB8D}"
EndProject
Global
	GlobalSection(SolutionConfigurationPlatforms) = preSolution
		Debug|Any CPU = Debug|Any CPU
		Release|Any CPU = Release|Any CPU
	EndGlobalSection
	GlobalSection(ProjectConfigurationPlatforms) = postSolution
		{53C2578B-BDE1-41E0-A1DD-97F2EF07AB8D}.Debug|Any CPU.ActiveCfg = Debug|Any CPU
		{53C2578B-BDE1-41E0-A1DD-97F2EF07AB8D}.Debug|Any CPU.Build.0 = Debug|Any CPU
		{53C2578B-BDE1-41E0-A1DD-97F2EF07AB8D}.Release|Any CPU.ActiveCfg = Release|Any CPU
		{53C2578B-BDE1-41E0-A1DD-97F2EF07AB8D}.Release|Any CPU.Build.0 = Release|Any CPU
	EndGlobalSection
	GlobalSection(SolutionProperties) = preSolution
		HideSolutionNode = FALSE
	EndGlobalSection
	GlobalSection(ExtensibilityGlobals) = postSolution
		SolutionGuid = {56FC8DB4-5F4D-4B21-8F95-7C94F2250F07}
	EndGlobalSection
EndGlobal
